// !$*UTF8*$!
{
	archiveVersion = 1;
	classes = {
	};
	objectVersion = 50;
	objects = {

/* Begin PBXBuildFile section */
		970D8F0F21762D1F004EDC48 /* AppDelegate.m in Sources */ = {isa = PBXBuildFile; fileRef = 970D8F0E21762D1F004EDC48 /* AppDelegate.m */; };
		970D8F1221762D1F004EDC48 /* ViewController.m in Sources */ = {isa = PBXBuildFile; fileRef = 970D8F1121762D1F004EDC48 /* ViewController.m */; };
		970D8F1521762D1F004EDC48 /* Main.storyboard in Resources */ = {isa = PBXBuildFile; fileRef = 970D8F1321762D1F004EDC48 /* Main.storyboard */; };
		970D8F1721762D21004EDC48 /* Assets.xcassets in Resources */ = {isa = PBXBuildFile; fileRef = 970D8F1621762D21004EDC48 /* Assets.xcassets */; };
		970D8F1A21762D21004EDC48 /* LaunchScreen.storyboard in Resources */ = {isa = PBXBuildFile; fileRef = 970D8F1821762D21004EDC48 /* LaunchScreen.storyboard */; };
		970D8F1D21762D21004EDC48 /* main.m in Sources */ = {isa = PBXBuildFile; fileRef = 970D8F1C21762D21004EDC48 /* main.m */; };
		970D8F2721762D21004EDC48 /* ____Tests.m in Sources */ = {isa = PBXBuildFile; fileRef = 970D8F2621762D21004EDC48 /* ____Tests.m */; };
		970D8F3221762D21004EDC48 /* ____UITests.m in Sources */ = {isa = PBXBuildFile; fileRef = 970D8F3121762D21004EDC48 /* ____UITests.m */; };
		9720E8292180ABF400F0E5BA /* 展开侧拉栏-2.png in Resources */ = {isa = PBXBuildFile; fileRef = 9720E8282180ABF400F0E5BA /* 展开侧拉栏-2.png */; };
		9720E82B2180AC4700F0E5BA /* 三横.png in Resources */ = {isa = PBXBuildFile; fileRef = 9720E82A2180AC4700F0E5BA /* 三横.png */; };
		9720E82D2180AC6C00F0E5BA /* 三横-2.png in Resources */ = {isa = PBXBuildFile; fileRef = 9720E82C2180AC6C00F0E5BA /* 三横-2.png */; };
		9720E82F2180AD0900F0E5BA /* 三横-3.png in Resources */ = {isa = PBXBuildFile; fileRef = 9720E82E2180AD0900F0E5BA /* 三横-3.png */; };
		973B2D4D218202E500510E4D /* 0.jpg in Resources */ = {isa = PBXBuildFile; fileRef = 973B2D47218202E300510E4D /* 0.jpg */; };
		973B2D4F218202E500510E4D /* 2.jpg in Resources */ = {isa = PBXBuildFile; fileRef = 973B2D49218202E400510E4D /* 2.jpg */; };
		973B2D50218202E500510E4D /* 4.jpg in Resources */ = {isa = PBXBuildFile; fileRef = 973B2D4A218202E400510E4D /* 4.jpg */; };
		973B2D51218202E500510E4D /* 3.jpg in Resources */ = {isa = PBXBuildFile; fileRef = 973B2D4B218202E400510E4D /* 3.jpg */; };
		974E4F9A218B017D00D01B3F /* 1.jpg in Resources */ = {isa = PBXBuildFile; fileRef = 974E4F99218B017D00D01B3F /* 1.jpg */; };
		974EB49A217F4CBA0080A9EA /* ZJILeftViewController.m in Sources */ = {isa = PBXBuildFile; fileRef = 974EB499217F4CBA0080A9EA /* ZJILeftViewController.m */; };
		9753DCDB2181C78900EDEA1A /* ZJIScrollerView.m in Sources */ = {isa = PBXBuildFile; fileRef = 9753DCDA2181C78900EDEA1A /* ZJIScrollerView.m */; };
		97575F3A218D835700949E07 /* shezhi-2.png in Resources */ = {isa = PBXBuildFile; fileRef = 97575F39218D835700949E07 /* shezhi-2.png */; };
		97575F3C218D836600949E07 /* xiaoxi-2.png in Resources */ = {isa = PBXBuildFile; fileRef = 97575F3B218D836600949E07 /* xiaoxi-2.png */; };
		97575F3E218D836F00949E07 /* shoucang.png in Resources */ = {isa = PBXBuildFile; fileRef = 97575F3D218D836F00949E07 /* shoucang.png */; };
		97575F40218D837700949E07 /* shouye-blue.png in Resources */ = {isa = PBXBuildFile; fileRef = 97575F3F218D837700949E07 /* shouye-blue.png */; };
		97662A62218C463D00A01B4D /* ZJIContainerViewController.m in Sources */ = {isa = PBXBuildFile; fileRef = 97662A61218C463D00A01B4D /* ZJIContainerViewController.m */; };
		97662A65218C4A4F00A01B4D /* ZJILeftView.m in Sources */ = {isa = PBXBuildFile; fileRef = 97662A64218C4A4F00A01B4D /* ZJILeftView.m */; };
		976943922185DDC000D3F30B /* ZJIDataUtils.m in Sources */ = {isa = PBXBuildFile; fileRef = 976943912185DDC000D3F30B /* ZJIDataUtils.m */; };
		976943952185E4F900D3F30B /* ZJIHomeView.m in Sources */ = {isa = PBXBuildFile; fileRef = 976943942185E4F900D3F30B /* ZJIHomeView.m */; };
		9773F49A217E1073009A0BBC /* ZJIHomeViewController.m in Sources */ = {isa = PBXBuildFile; fileRef = 9773F499217E1073009A0BBC /* ZJIHomeViewController.m */; };
		9773F49E217E1538009A0BBC /* ZJIHomeModel.m in Sources */ = {isa = PBXBuildFile; fileRef = 9773F49D217E1538009A0BBC /* ZJIHomeModel.m */; };
		ABF882ADF9D3243991215587 /* libPods-知乎日报.a in Frameworks */ = {isa = PBXBuildFile; fileRef = 52D22C6F049C019B195F7357 /* libPods-知乎日报.a */; };
/* End PBXBuildFile section */

/* Begin PBXContainerItemProxy section */
		970D8F2321762D21004EDC48 /* PBXContainerItemProxy */ = {
			isa = PBXContainerItemProxy;
			containerPortal = 970D8F0221762D1F004EDC48 /* Project object */;
			proxyType = 1;
			remoteGlobalIDString = 970D8F0921762D1F004EDC48;
			remoteInfo = "知乎日报";
		};
		970D8F2E21762D21004EDC48 /* PBXContainerItemProxy */ = {
			isa = PBXContainerItemProxy;
			containerPortal = 970D8F0221762D1F004EDC48 /* Project object */;
			proxyType = 1;
			remoteGlobalIDString = 970D8F0921762D1F004EDC48;
			remoteInfo = "知乎日报";
		};
/* End PBXContainerItemProxy section */

/* Begin PBXFileReference section */
		26FF9F5EA8006661F3A60772 /* Pods-知乎日报.debug.xcconfig */ = {isa = PBXFileReference; includeInIndex = 1; lastKnownFileType = text.xcconfig; name = "Pods-知乎日报.debug.xcconfig"; path = "Pods/Target Support Files/Pods-知乎日报/Pods-知乎日报.debug.xcconfig"; sourceTree = "<group>"; };
		47D69932E88C55AE722652CC /* Pods-知乎日报.release.xcconfig */ = {isa = PBXFileReference; includeInIndex = 1; lastKnownFileType = text.xcconfig; name = "Pods-知乎日报.release.xcconfig"; path = "Pods/Target Support Files/Pods-知乎日报/Pods-知乎日报.release.xcconfig"; sourceTree = "<group>"; };
		52D22C6F049C019B195F7357 /* libPods-知乎日报.a */ = {isa = PBXFileReference; explicitFileType = archive.ar; includeInIndex = 0; path = "libPods-知乎日报.a"; sourceTree = BUILT_PRODUCTS_DIR; };
		970D8F0A21762D1F004EDC48 /* 知乎日报.app */ = {isa = PBXFileReference; explicitFileType = wrapper.application; includeInIndex = 0; path = "知乎日报.app"; sourceTree = BUILT_PRODUCTS_DIR; };
		970D8F0D21762D1F004EDC48 /* AppDelegate.h */ = {isa = PBXFileReference; lastKnownFileType = sourcecode.c.h; path = AppDelegate.h; sourceTree = "<group>"; };
		970D8F0E21762D1F004EDC48 /* AppDelegate.m */ = {isa = PBXFileReference; lastKnownFileType = sourcecode.c.objc; path = AppDelegate.m; sourceTree = "<group>"; };
		970D8F1021762D1F004EDC48 /* ViewController.h */ = {isa = PBXFileReference; lastKnownFileType = sourcecode.c.h; path = ViewController.h; sourceTree = "<group>"; };
		970D8F1121762D1F004EDC48 /* ViewController.m */ = {isa = PBXFileReference; lastKnownFileType = sourcecode.c.objc; path = ViewController.m; sourceTree = "<group>"; };
		970D8F1421762D1F004EDC48 /* Base */ = {isa = PBXFileReference; lastKnownFileType = file.storyboard; name = Base; path = Base.lproj/Main.storyboard; sourceTree = "<group>"; };
		970D8F1621762D21004EDC48 /* Assets.xcassets */ = {isa = PBXFileReference; lastKnownFileType = folder.assetcatalog; path = Assets.xcassets; sourceTree = "<group>"; };
		970D8F1921762D21004EDC48 /* Base */ = {isa = PBXFileReference; lastKnownFileType = file.storyboard; name = Base; path = Base.lproj/LaunchScreen.storyboard; sourceTree = "<group>"; };
		970D8F1B21762D21004EDC48 /* Info.plist */ = {isa = PBXFileReference; lastKnownFileType = text.plist.xml; path = Info.plist; sourceTree = "<group>"; };
		970D8F1C21762D21004EDC48 /* main.m */ = {isa = PBXFileReference; lastKnownFileType = sourcecode.c.objc; path = main.m; sourceTree = "<group>"; };
		970D8F2221762D21004EDC48 /* 知乎日报Tests.xctest */ = {isa = PBXFileReference; explicitFileType = wrapper.cfbundle; includeInIndex = 0; path = "知乎日报Tests.xctest"; sourceTree = BUILT_PRODUCTS_DIR; };
		970D8F2621762D21004EDC48 /* ____Tests.m */ = {isa = PBXFileReference; lastKnownFileType = sourcecode.c.objc; path = "____Tests.m"; sourceTree = "<group>"; };
		970D8F2821762D21004EDC48 /* Info.plist */ = {isa = PBXFileReference; lastKnownFileType = text.plist.xml; path = Info.plist; sourceTree = "<group>"; };
		970D8F2D21762D21004EDC48 /* 知乎日报UITests.xctest */ = {isa = PBXFileReference; explicitFileType = wrapper.cfbundle; includeInIndex = 0; path = "知乎日报UITests.xctest"; sourceTree = BUILT_PRODUCTS_DIR; };
		970D8F3121762D21004EDC48 /* ____UITests.m */ = {isa = PBXFileReference; lastKnownFileType = sourcecode.c.objc; path = "____UITests.m"; sourceTree = "<group>"; };
		970D8F3321762D21004EDC48 /* Info.plist */ = {isa = PBXFileReference; lastKnownFileType = text.plist.xml; path = Info.plist; sourceTree = "<group>"; };
		9720E8282180ABF400F0E5BA /* 展开侧拉栏-2.png */ = {isa = PBXFileReference; lastKnownFileType = image.png; name = "展开侧拉栏-2.png"; path = "../../Downloads/展开侧拉栏-2.png"; sourceTree = "<group>"; };
		9720E82A2180AC4700F0E5BA /* 三横.png */ = {isa = PBXFileReference; lastKnownFileType = image.png; name = "三横.png"; path = "../../Downloads/三横.png"; sourceTree = "<group>"; };
		9720E82C2180AC6C00F0E5BA /* 三横-2.png */ = {isa = PBXFileReference; lastKnownFileType = image.png; name = "三横-2.png"; path = "../../Downloads/三横-2.png"; sourceTree = "<group>"; };
		9720E82E2180AD0900F0E5BA /* 三横-3.png */ = {isa = PBXFileReference; lastKnownFileType = image.png; name = "三横-3.png"; path = "../../Downloads/三横-3.png"; sourceTree = "<group>"; };
		973B2D47218202E300510E4D /* 0.jpg */ = {isa = PBXFileReference; lastKnownFileType = image.jpeg; name = 0.jpg; path = ../../Downloads/0.jpg; sourceTree = "<group>"; };
		973B2D49218202E400510E4D /* 2.jpg */ = {isa = PBXFileReference; lastKnownFileType = image.jpeg; name = 2.jpg; path = ../../Downloads/2.jpg; sourceTree = "<group>"; };
		973B2D4A218202E400510E4D /* 4.jpg */ = {isa = PBXFileReference; lastKnownFileType = image.jpeg; name = 4.jpg; path = ../../Downloads/4.jpg; sourceTree = "<group>"; };
		973B2D4B218202E400510E4D /* 3.jpg */ = {isa = PBXFileReference; lastKnownFileType = image.jpeg; name = 3.jpg; path = ../../Downloads/3.jpg; sourceTree = "<group>"; };
		974E4F99218B017D00D01B3F /* 1.jpg */ = {isa = PBXFileReference; lastKnownFileType = image.jpeg; name = 1.jpg; path = "素材/1.jpg"; sourceTree = "<group>"; };
		974EB498217F4CBA0080A9EA /* ZJILeftViewController.h */ = {isa = PBXFileReference; lastKnownFileType = sourcecode.c.h; path = ZJILeftViewController.h; sourceTree = "<group>"; };
		974EB499217F4CBA0080A9EA /* ZJILeftViewController.m */ = {isa = PBXFileReference; lastKnownFileType = sourcecode.c.objc; path = ZJILeftViewController.m; sourceTree = "<group>"; };
		97517AA1218727A00009E587 /* ZJIHomeViewController.h */ = {isa = PBXFileReference; lastKnownFileType = sourcecode.c.h; name = ZJIHomeViewController.h; path = ../../../../.Trash/ZJIHomeViewController.h; sourceTree = "<group>"; };
		97517AEE21872D720009E587 /* 1.jpg */ = {isa = PBXFileReference; lastKnownFileType = image.jpeg; path = 1.jpg; sourceTree = "<group>"; };
		97517AF021872D7E0009E587 /* 2.jpg */ = {isa = PBXFileReference; lastKnownFileType = image.jpeg; path = 2.jpg; sourceTree = "<group>"; };
		97517AF121872D810009E587 /* 3.jpg */ = {isa = PBXFileReference; lastKnownFileType = image.jpeg; path = 3.jpg; sourceTree = "<group>"; };
		97517AF221872D830009E587 /* 4.jpg */ = {isa = PBXFileReference; lastKnownFileType = image.jpeg; path = 4.jpg; sourceTree = "<group>"; };
		9753DCD92181C78900EDEA1A /* ZJIScrollerView.h */ = {isa = PBXFileReference; lastKnownFileType = sourcecode.c.h; name = ZJIScrollerView.h; path = "/Users/qiangshuting/Desktop/知乎日报/知乎日报/Views/ZJIScrollerView.h"; sourceTree = "<absolute>"; };
		9753DCDA2181C78900EDEA1A /* ZJIScrollerView.m */ = {isa = PBXFileReference; lastKnownFileType = sourcecode.c.objc; name = ZJIScrollerView.m; path = "/Users/qiangshuting/Desktop/知乎日报/知乎日报/Views/ZJIScrollerView.m"; sourceTree = "<absolute>"; };
		97575F39218D835700949E07 /* shezhi-2.png */ = {isa = PBXFileReference; lastKnownFileType = image.png; name = "shezhi-2.png"; path = "../../../Downloads/shezhi-2.png"; sourceTree = "<group>"; };
		97575F3B218D836600949E07 /* xiaoxi-2.png */ = {isa = PBXFileReference; lastKnownFileType = image.png; name = "xiaoxi-2.png"; path = "../../../Downloads/xiaoxi-2.png"; sourceTree = "<group>"; };
		97575F3D218D836F00949E07 /* shoucang.png */ = {isa = PBXFileReference; lastKnownFileType = image.png; name = shoucang.png; path = ../../../Downloads/shoucang.png; sourceTree = "<group>"; };
		97575F3F218D837700949E07 /* shouye-blue.png */ = {isa = PBXFileReference; lastKnownFileType = image.png; name = "shouye-blue.png"; path = "../../../Downloads/shouye-blue.png"; sourceTree = "<group>"; };
		97662A60218C463D00A01B4D /* ZJIContainerViewController.h */ = {isa = PBXFileReference; lastKnownFileType = sourcecode.c.h; path = ZJIContainerViewController.h; sourceTree = "<group>"; };
		97662A61218C463D00A01B4D /* ZJIContainerViewController.m */ = {isa = PBXFileReference; lastKnownFileType = sourcecode.c.objc; path = ZJIContainerViewController.m; sourceTree = "<group>"; };
		97662A63218C4A4F00A01B4D /* ZJILeftView.h */ = {isa = PBXFileReference; lastKnownFileType = sourcecode.c.h; path = ZJILeftView.h; sourceTree = "<group>"; };
		97662A64218C4A4F00A01B4D /* ZJILeftView.m */ = {isa = PBXFileReference; lastKnownFileType = sourcecode.c.objc; path = ZJILeftView.m; sourceTree = "<group>"; };
		976943902185DDC000D3F30B /* ZJIDataUtils.h */ = {isa = PBXFileReference; lastKnownFileType = sourcecode.c.h; path = ZJIDataUtils.h; sourceTree = "<group>"; };
		976943912185DDC000D3F30B /* ZJIDataUtils.m */ = {isa = PBXFileReference; lastKnownFileType = sourcecode.c.objc; path = ZJIDataUtils.m; sourceTree = "<group>"; };
		976943932185E4F900D3F30B /* ZJIHomeView.h */ = {isa = PBXFileReference; lastKnownFileType = sourcecode.c.h; path = ZJIHomeView.h; sourceTree = "<group>"; };
		976943942185E4F900D3F30B /* ZJIHomeView.m */ = {isa = PBXFileReference; lastKnownFileType = sourcecode.c.objc; path = ZJIHomeView.m; sourceTree = "<group>"; };
		9773F499217E1073009A0BBC /* ZJIHomeViewController.m */ = {isa = PBXFileReference; lastKnownFileType = sourcecode.c.objc; path = ZJIHomeViewController.m; sourceTree = "<group>"; };
		9773F49C217E1538009A0BBC /* ZJIHomeModel.h */ = {isa = PBXFileReference; lastKnownFileType = sourcecode.c.h; path = ZJIHomeModel.h; sourceTree = "<group>"; };
		9773F49D217E1538009A0BBC /* ZJIHomeModel.m */ = {isa = PBXFileReference; lastKnownFileType = sourcecode.c.objc; path = ZJIHomeModel.m; sourceTree = "<group>"; };
/* End PBXFileReference section */

/* Begin PBXFrameworksBuildPhase section */
		970D8F0721762D1F004EDC48 /* Frameworks */ = {
			isa = PBXFrameworksBuildPhase;
			buildActionMask = 2147483647;
			files = (
				ABF882ADF9D3243991215587 /* libPods-知乎日报.a in Frameworks */,
			);
			runOnlyForDeploymentPostprocessing = 0;
		};
		970D8F1F21762D21004EDC48 /* Frameworks */ = {
			isa = PBXFrameworksBuildPhase;
			buildActionMask = 2147483647;
			files = (
			);
			runOnlyForDeploymentPostprocessing = 0;
		};
		970D8F2A21762D21004EDC48 /* Frameworks */ = {
			isa = PBXFrameworksBuildPhase;
			buildActionMask = 2147483647;
			files = (
			);
			runOnlyForDeploymentPostprocessing = 0;
		};
/* End PBXFrameworksBuildPhase section */

/* Begin PBXGroup section */
		12481865F26D3743DE1CE354 /* Pods */ = {
			isa = PBXGroup;
			children = (
				26FF9F5EA8006661F3A60772 /* Pods-知乎日报.debug.xcconfig */,
				47D69932E88C55AE722652CC /* Pods-知乎日报.release.xcconfig */,
			);
			name = Pods;
			sourceTree = "<group>";
		};
		4AA8E20307F2C15EA0D15267 /* Frameworks */ = {
			isa = PBXGroup;
			children = (
				52D22C6F049C019B195F7357 /* libPods-知乎日报.a */,
			);
			name = Frameworks;
			sourceTree = "<group>";
		};
		970D8F0121762D1F004EDC48 = {
			isa = PBXGroup;
			children = (
				973B2D47218202E300510E4D /* 0.jpg */,
				97517AED21872D4C0009E587 /* 素材 */,
				974E4F99218B017D00D01B3F /* 1.jpg */,
				973B2D49218202E400510E4D /* 2.jpg */,
				973B2D4B218202E400510E4D /* 3.jpg */,
				973B2D4A218202E400510E4D /* 4.jpg */,
				9720E82A2180AC4700F0E5BA /* 三横.png */,
				9720E82E2180AD0900F0E5BA /* 三横-3.png */,
				9720E82C2180AC6C00F0E5BA /* 三横-2.png */,
				9720E8282180ABF400F0E5BA /* 展开侧拉栏-2.png */,
				970D8F0C21762D1F004EDC48 /* 知乎日报 */,
				970D8F2521762D21004EDC48 /* 知乎日报Tests */,
				970D8F3021762D21004EDC48 /* 知乎日报UITests */,
				970D8F0B21762D1F004EDC48 /* Products */,
				12481865F26D3743DE1CE354 /* Pods */,
				4AA8E20307F2C15EA0D15267 /* Frameworks */,
			);
			sourceTree = "<group>";
		};
		970D8F0B21762D1F004EDC48 /* Products */ = {
			isa = PBXGroup;
			children = (
				970D8F0A21762D1F004EDC48 /* 知乎日报.app */,
				970D8F2221762D21004EDC48 /* 知乎日报Tests.xctest */,
				970D8F2D21762D21004EDC48 /* 知乎日报UITests.xctest */,
			);
			name = Products;
			sourceTree = "<group>";
		};
		970D8F0C21762D1F004EDC48 /* 知乎日报 */ = {
			isa = PBXGroup;
			children = (
				970D8F0D21762D1F004EDC48 /* AppDelegate.h */,
				970D8F0E21762D1F004EDC48 /* AppDelegate.m */,
				9773F4A2217E1914009A0BBC /* Main */,
				9773F4A1217E18F8009A0BBC /* Views */,
				9773F49B217E110E009A0BBC /* Controller */,
				9773F49F217E153C009A0BBC /* Models */,
				970D8F1021762D1F004EDC48 /* ViewController.h */,
				970D8F1121762D1F004EDC48 /* ViewController.m */,
				970D8F1B21762D21004EDC48 /* Info.plist */,
			);
			path = "知乎日报";
			sourceTree = "<group>";
		};
		970D8F2521762D21004EDC48 /* 知乎日报Tests */ = {
			isa = PBXGroup;
			children = (
				970D8F2621762D21004EDC48 /* ____Tests.m */,
				970D8F2821762D21004EDC48 /* Info.plist */,
			);
			path = "知乎日报Tests";
			sourceTree = "<group>";
		};
		970D8F3021762D21004EDC48 /* 知乎日报UITests */ = {
			isa = PBXGroup;
			children = (
				970D8F3121762D21004EDC48 /* ____UITests.m */,
				970D8F3321762D21004EDC48 /* Info.plist */,
			);
			path = "知乎日报UITests";
			sourceTree = "<group>";
		};
		97517AED21872D4C0009E587 /* 素材 */ = {
			isa = PBXGroup;
			children = (
				97575F39218D835700949E07 /* shezhi-2.png */,
				97575F3B218D836600949E07 /* xiaoxi-2.png */,
				97575F3D218D836F00949E07 /* shoucang.png */,
				97575F3F218D837700949E07 /* shouye-blue.png */,
				97517AF221872D830009E587 /* 4.jpg */,
				97517AF121872D810009E587 /* 3.jpg */,
				97517AF021872D7E0009E587 /* 2.jpg */,
				97517AEE21872D720009E587 /* 1.jpg */,
			);
			path = "素材";
			sourceTree = "<group>";
		};
		9773F49B217E110E009A0BBC /* Controller */ = {
			isa = PBXGroup;
			children = (
				97517AA1218727A00009E587 /* ZJIHomeViewController.h */,
				9773F499217E1073009A0BBC /* ZJIHomeViewController.m */,
				974EB498217F4CBA0080A9EA /* ZJILeftViewController.h */,
				974EB499217F4CBA0080A9EA /* ZJILeftViewController.m */,
				97662A60218C463D00A01B4D /* ZJIContainerViewController.h */,
				97662A61218C463D00A01B4D /* ZJIContainerViewController.m */,
			);
			path = Controller;
			sourceTree = "<group>";
		};
		9773F49F217E153C009A0BBC /* Models */ = {
			isa = PBXGroup;
			children = (
				9773F4A0217E16C5009A0BBC /* HomeModel */,
				976943902185DDC000D3F30B /* ZJIDataUtils.h */,
				976943912185DDC000D3F30B /* ZJIDataUtils.m */,
			);
			path = Models;
			sourceTree = "<group>";
		};
		9773F4A0217E16C5009A0BBC /* HomeModel */ = {
			isa = PBXGroup;
			children = (
				9773F49C217E1538009A0BBC /* ZJIHomeModel.h */,
				9773F49D217E1538009A0BBC /* ZJIHomeModel.m */,
			);
			path = HomeModel;
			sourceTree = "<group>";
		};
		9773F4A1217E18F8009A0BBC /* Views */ = {
			isa = PBXGroup;
			children = (
				9753DCD92181C78900EDEA1A /* ZJIScrollerView.h */,
				9753DCDA2181C78900EDEA1A /* ZJIScrollerView.m */,
				976943932185E4F900D3F30B /* ZJIHomeView.h */,
				976943942185E4F900D3F30B /* ZJIHomeView.m */,
				97662A63218C4A4F00A01B4D /* ZJILeftView.h */,
				97662A64218C4A4F00A01B4D /* ZJILeftView.m */,
			);
			path = Views;
			sourceTree = "<group>";
		};
		9773F4A2217E1914009A0BBC /* Main */ = {
			isa = PBXGroup;
			children = (
				970D8F1321762D1F004EDC48 /* Main.storyboard */,
				970D8F1621762D21004EDC48 /* Assets.xcassets */,
				970D8F1821762D21004EDC48 /* LaunchScreen.storyboard */,
				970D8F1C21762D21004EDC48 /* main.m */,
			);
			path = Main;
			sourceTree = "<group>";
		};
/* End PBXGroup section */

/* Begin PBXNativeTarget section */
		970D8F0921762D1F004EDC48 /* 知乎日报 */ = {
			isa = PBXNativeTarget;
			buildConfigurationList = 970D8F3621762D21004EDC48 /* Build configuration list for PBXNativeTarget "知乎日报" */;
			buildPhases = (
				EF539D2627C560454B1B9799 /* [CP] Check Pods Manifest.lock */,
				970D8F0621762D1F004EDC48 /* Sources */,
				970D8F0721762D1F004EDC48 /* Frameworks */,
				970D8F0821762D1F004EDC48 /* Resources */,
			);
			buildRules = (
			);
			dependencies = (
			);
			name = "知乎日报";
			productName = "知乎日报";
			productReference = 970D8F0A21762D1F004EDC48 /* 知乎日报.app */;
			productType = "com.apple.product-type.application";
		};
		970D8F2121762D21004EDC48 /* 知乎日报Tests */ = {
			isa = PBXNativeTarget;
			buildConfigurationList = 970D8F3921762D21004EDC48 /* Build configuration list for PBXNativeTarget "知乎日报Tests" */;
			buildPhases = (
				970D8F1E21762D21004EDC48 /* Sources */,
				970D8F1F21762D21004EDC48 /* Frameworks */,
				970D8F2021762D21004EDC48 /* Resources */,
			);
			buildRules = (
			);
			dependencies = (
				970D8F2421762D21004EDC48 /* PBXTargetDependency */,
			);
			name = "知乎日报Tests";
			productName = "知乎日报Tests";
			productReference = 970D8F2221762D21004EDC48 /* 知乎日报Tests.xctest */;
			productType = "com.apple.product-type.bundle.unit-test";
		};
		970D8F2C21762D21004EDC48 /* 知乎日报UITests */ = {
			isa = PBXNativeTarget;
			buildConfigurationList = 970D8F3C21762D21004EDC48 /* Build configuration list for PBXNativeTarget "知乎日报UITests" */;
			buildPhases = (
				970D8F2921762D21004EDC48 /* Sources */,
				970D8F2A21762D21004EDC48 /* Frameworks */,
				970D8F2B21762D21004EDC48 /* Resources */,
			);
			buildRules = (
			);
			dependencies = (
				970D8F2F21762D21004EDC48 /* PBXTargetDependency */,
			);
			name = "知乎日报UITests";
			productName = "知乎日报UITests";
			productReference = 970D8F2D21762D21004EDC48 /* 知乎日报UITests.xctest */;
			productType = "com.apple.product-type.bundle.ui-testing";
		};
/* End PBXNativeTarget section */

/* Begin PBXProject section */
		970D8F0221762D1F004EDC48 /* Project object */ = {
			isa = PBXProject;
			attributes = {
				LastUpgradeCheck = 0940;
				ORGANIZATIONNAME = "强淑婷";
				TargetAttributes = {
					970D8F0921762D1F004EDC48 = {
						CreatedOnToolsVersion = 9.4;
					};
					970D8F2121762D21004EDC48 = {
						CreatedOnToolsVersion = 9.4;
						TestTargetID = 970D8F0921762D1F004EDC48;
					};
					970D8F2C21762D21004EDC48 = {
						CreatedOnToolsVersion = 9.4;
						TestTargetID = 970D8F0921762D1F004EDC48;
					};
				};
			};
			buildConfigurationList = 970D8F0521762D1F004EDC48 /* Build configuration list for PBXProject "知乎日报" */;
			compatibilityVersion = "Xcode 9.3";
			developmentRegion = en;
			hasScannedForEncodings = 0;
			knownRegions = (
				en,
				Base,
			);
			mainGroup = 970D8F0121762D1F004EDC48;
			productRefGroup = 970D8F0B21762D1F004EDC48 /* Products */;
			projectDirPath = "";
			projectRoot = "";
			targets = (
				970D8F0921762D1F004EDC48 /* 知乎日报 */,
				970D8F2121762D21004EDC48 /* 知乎日报Tests */,
				970D8F2C21762D21004EDC48 /* 知乎日报UITests */,
			);
		};
/* End PBXProject section */

/* Begin PBXResourcesBuildPhase section */
		970D8F0821762D1F004EDC48 /* Resources */ = {
			isa = PBXResourcesBuildPhase;
			buildActionMask = 2147483647;
			files = (
				973B2D50218202E500510E4D /* 4.jpg in Resources */,
				974E4F9A218B017D00D01B3F /* 1.jpg in Resources */,
				9720E82B2180AC4700F0E5BA /* 三横.png in Resources */,
				9720E82D2180AC6C00F0E5BA /* 三横-2.png in Resources */,
				97575F40218D837700949E07 /* shouye-blue.png in Resources */,
				973B2D51218202E500510E4D /* 3.jpg in Resources */,
				973B2D4F218202E500510E4D /* 2.jpg in Resources */,
				97575F3E218D836F00949E07 /* shoucang.png in Resources */,
				97575F3C218D836600949E07 /* xiaoxi-2.png in Resources */,
				97575F3A218D835700949E07 /* shezhi-2.png in Resources */,
				970D8F1A21762D21004EDC48 /* LaunchScreen.storyboard in Resources */,
				9720E8292180ABF400F0E5BA /* 展开侧拉栏-2.png in Resources */,
				973B2D4D218202E500510E4D /* 0.jpg in Resources */,
				970D8F1721762D21004EDC48 /* Assets.xcassets in Resources */,
				970D8F1521762D1F004EDC48 /* Main.storyboard in Resources */,
				9720E82F2180AD0900F0E5BA /* 三横-3.png in Resources */,
			);
			runOnlyForDeploymentPostprocessing = 0;
		};
		970D8F2021762D21004EDC48 /* Resources */ = {
			isa = PBXResourcesBuildPhase;
			buildActionMask = 2147483647;
			files = (
			);
			runOnlyForDeploymentPostprocessing = 0;
		};
		970D8F2B21762D21004EDC48 /* Resources */ = {
			isa = PBXResourcesBuildPhase;
			buildActionMask = 2147483647;
			files = (
			);
			runOnlyForDeploymentPostprocessing = 0;
		};
/* End PBXResourcesBuildPhase section */

/* Begin PBXShellScriptBuildPhase section */
		EF539D2627C560454B1B9799 /* [CP] Check Pods Manifest.lock */ = {
			isa = PBXShellScriptBuildPhase;
			buildActionMask = 2147483647;
			files = (
			);
			inputPaths = (
				"${PODS_PODFILE_DIR_PATH}/Podfile.lock",
				"${PODS_ROOT}/Manifest.lock",
			);
			name = "[CP] Check Pods Manifest.lock";
			outputPaths = (
				"$(DERIVED_FILE_DIR)/Pods-知乎日报-checkManifestLockResult.txt",
			);
			runOnlyForDeploymentPostprocessing = 0;
			shellPath = /bin/sh;
			shellScript = "diff \"${PODS_PODFILE_DIR_PATH}/Podfile.lock\" \"${PODS_ROOT}/Manifest.lock\" > /dev/null\nif [ $? != 0 ] ; then\n    # print error to STDERR\n    echo \"error: The sandbox is not in sync with the Podfile.lock. Run 'pod install' or update your CocoaPods installation.\" >&2\n    exit 1\nfi\n# This output is used by Xcode 'outputs' to avoid re-running this script phase.\necho \"SUCCESS\" > \"${SCRIPT_OUTPUT_FILE_0}\"\n";
			showEnvVarsInLog = 0;
		};
/* End PBXShellScriptBuildPhase section */

/* Begin PBXSourcesBuildPhase section */
		970D8F0621762D1F004EDC48 /* Sources */ = {
			isa = PBXSourcesBuildPhase;
			buildActionMask = 2147483647;
			files = (
				976943922185DDC000D3F30B /* ZJIDataUtils.m in Sources */,
				970D8F1221762D1F004EDC48 /* ViewController.m in Sources */,
				974EB49A217F4CBA0080A9EA /* ZJILeftViewController.m in Sources */,
				970D8F1D21762D21004EDC48 /* main.m in Sources */,
				9753DCDB2181C78900EDEA1A /* ZJIScrollerView.m in Sources */,
				9773F49E217E1538009A0BBC /* ZJIHomeModel.m in Sources */,
				97662A65218C4A4F00A01B4D /* ZJILeftView.m in Sources */,
				97662A62218C463D00A01B4D /* ZJIContainerViewController.m in Sources */,
				970D8F0F21762D1F004EDC48 /* AppDelegate.m in Sources */,
				976943952185E4F900D3F30B /* ZJIHomeView.m in Sources */,
				9773F49A217E1073009A0BBC /* ZJIHomeViewController.m in Sources */,
			);
			runOnlyForDeploymentPostprocessing = 0;
		};
		970D8F1E21762D21004EDC48 /* Sources */ = {
			isa = PBXSourcesBuildPhase;
			buildActionMask = 2147483647;
			files = (
				970D8F2721762D21004EDC48 /* ____Tests.m in Sources */,
			);
			runOnlyForDeploymentPostprocessing = 0;
		};
		970D8F2921762D21004EDC48 /* Sources */ = {
			isa = PBXSourcesBuildPhase;
			buildActionMask = 2147483647;
			files = (
				970D8F3221762D21004EDC48 /* ____UITests.m in Sources */,
			);
			runOnlyForDeploymentPostprocessing = 0;
		};
/* End PBXSourcesBuildPhase section */

/* Begin PBXTargetDependency section */
		970D8F2421762D21004EDC48 /* PBXTargetDependency */ = {
			isa = PBXTargetDependency;
			target = 970D8F0921762D1F004EDC48 /* 知乎日报 */;
			targetProxy = 970D8F2321762D21004EDC48 /* PBXContainerItemProxy */;
		};
		970D8F2F21762D21004EDC48 /* PBXTargetDependency */ = {
			isa = PBXTargetDependency;
			target = 970D8F0921762D1F004EDC48 /* 知乎日报 */;
			targetProxy = 970D8F2E21762D21004EDC48 /* PBXContainerItemProxy */;
		};
/* End PBXTargetDependency section */

/* Begin PBXVariantGroup section */
		970D8F1321762D1F004EDC48 /* Main.storyboard */ = {
			isa = PBXVariantGroup;
			children = (
				970D8F1421762D1F004EDC48 /* Base */,
			);
			name = Main.storyboard;
			sourceTree = "<group>";
		};
		970D8F1821762D21004EDC48 /* LaunchScreen.storyboard */ = {
			isa = PBXVariantGroup;
			children = (
				970D8F1921762D21004EDC48 /* Base */,
			);
			name = LaunchScreen.storyboard;
			sourceTree = "<group>";
		};
/* End PBXVariantGroup section */

/* Begin XCBuildConfiguration section */
		970D8F3421762D21004EDC48 /* Debug */ = {
			isa = XCBuildConfiguration;
			buildSettings = {
				ALWAYS_SEARCH_USER_PATHS = NO;
				CLANG_ANALYZER_NONNULL = YES;
				CLANG_ANALYZER_NUMBER_OBJECT_CONVERSION = YES_AGGRESSIVE;
				CLANG_CXX_LANGUAGE_STANDARD = "gnu++14";
				CLANG_CXX_LIBRARY = "libc++";
				CLANG_ENABLE_MODULES = YES;
				CLANG_ENABLE_OBJC_ARC = YES;
				CLANG_ENABLE_OBJC_WEAK = YES;
				CLANG_WARN_BLOCK_CAPTURE_AUTORELEASING = YES;
				CLANG_WARN_BOOL_CONVERSION = YES;
				CLANG_WARN_COMMA = YES;
				CLANG_WARN_CONSTANT_CONVERSION = YES;
				CLANG_WARN_DEPRECATED_OBJC_IMPLEMENTATIONS = YES;
				CLANG_WARN_DIRECT_OBJC_ISA_USAGE = YES_ERROR;
				CLANG_WARN_DOCUMENTATION_COMMENTS = YES;
				CLANG_WARN_EMPTY_BODY = YES;
				CLANG_WARN_ENUM_CONVERSION = YES;
				CLANG_WARN_INFINITE_RECURSION = YES;
				CLANG_WARN_INT_CONVERSION = YES;
				CLANG_WARN_NON_LITERAL_NULL_CONVERSION = YES;
				CLANG_WARN_OBJC_IMPLICIT_RETAIN_SELF = YES;
				CLANG_WARN_OBJC_LITERAL_CONVERSION = YES;
				CLANG_WARN_OBJC_ROOT_CLASS = YES_ERROR;
				CLANG_WARN_RANGE_LOOP_ANALYSIS = YES;
				CLANG_WARN_STRICT_PROTOTYPES = YES;
				CLANG_WARN_SUSPICIOUS_MOVE = YES;
				CLANG_WARN_UNGUARDED_AVAILABILITY = YES_AGGRESSIVE;
				CLANG_WARN_UNREACHABLE_CODE = YES;
				CLANG_WARN__DUPLICATE_METHOD_MATCH = YES;
				CODE_SIGN_IDENTITY = "iPhone Developer";
				COPY_PHASE_STRIP = NO;
				DEBUG_INFORMATION_FORMAT = dwarf;
				ENABLE_STRICT_OBJC_MSGSEND = YES;
				ENABLE_TESTABILITY = YES;
				GCC_C_LANGUAGE_STANDARD = gnu11;
				GCC_DYNAMIC_NO_PIC = NO;
				GCC_NO_COMMON_BLOCKS = YES;
				GCC_OPTIMIZATION_LEVEL = 0;
				GCC_PREPROCESSOR_DEFINITIONS = (
					"DEBUG=1",
					"$(inherited)",
				);
				GCC_WARN_64_TO_32_BIT_CONVERSION = YES;
				GCC_WARN_ABOUT_RETURN_TYPE = YES_ERROR;
				GCC_WARN_UNDECLARED_SELECTOR = YES;
				GCC_WARN_UNINITIALIZED_AUTOS = YES_AGGRESSIVE;
				GCC_WARN_UNUSED_FUNCTION = YES;
				GCC_WARN_UNUSED_VARIABLE = YES;
				IPHONEOS_DEPLOYMENT_TARGET = 11.4;
				MTL_ENABLE_DEBUG_INFO = YES;
				ONLY_ACTIVE_ARCH = YES;
				SDKROOT = iphoneos;
			};
			name = Debug;
		};
		970D8F3521762D21004EDC48 /* Release */ = {
			isa = XCBuildConfiguration;
			buildSettings = {
				ALWAYS_SEARCH_USER_PATHS = NO;
				CLANG_ANALYZER_NONNULL = YES;
				CLANG_ANALYZER_NUMBER_OBJECT_CONVERSION = YES_AGGRESSIVE;
				CLANG_CXX_LANGUAGE_STANDARD = "gnu++14";
				CLANG_CXX_LIBRARY = "libc++";
				CLANG_ENABLE_MODULES = YES;
				CLANG_ENABLE_OBJC_ARC = YES;
				CLANG_ENABLE_OBJC_WEAK = YES;
				CLANG_WARN_BLOCK_CAPTURE_AUTORELEASING = YES;
				CLANG_WARN_BOOL_CONVERSION = YES;
				CLANG_WARN_COMMA = YES;
				CLANG_WARN_CONSTANT_CONVERSION = YES;
				CLANG_WARN_DEPRECATED_OBJC_IMPLEMENTATIONS = YES;
				CLANG_WARN_DIRECT_OBJC_ISA_USAGE = YES_ERROR;
				CLANG_WARN_DOCUMENTATION_COMMENTS = YES;
				CLANG_WARN_EMPTY_BODY = YES;
				CLANG_WARN_ENUM_CONVERSION = YES;
				CLANG_WARN_INFINITE_RECURSION = YES;
				CLANG_WARN_INT_CONVERSION = YES;
				CLANG_WARN_NON_LITERAL_NULL_CONVERSION = YES;
				CLANG_WARN_OBJC_IMPLICIT_RETAIN_SELF = YES;
				CLANG_WARN_OBJC_LITERAL_CONVERSION = YES;
				CLANG_WARN_OBJC_ROOT_CLASS = YES_ERROR;
				CLANG_WARN_RANGE_LOOP_ANALYSIS = YES;
				CLANG_WARN_STRICT_PROTOTYPES = YES;
				CLANG_WARN_SUSPICIOUS_MOVE = YES;
				CLANG_WARN_UNGUARDED_AVAILABILITY = YES_AGGRESSIVE;
				CLANG_WARN_UNREACHABLE_CODE = YES;
				CLANG_WARN__DUPLICATE_METHOD_MATCH = YES;
				CODE_SIGN_IDENTITY = "iPhone Developer";
				COPY_PHASE_STRIP = NO;
				DEBUG_INFORMATION_FORMAT = "dwarf-with-dsym";
				ENABLE_NS_ASSERTIONS = NO;
				ENABLE_STRICT_OBJC_MSGSEND = YES;
				GCC_C_LANGUAGE_STANDARD = gnu11;
				GCC_NO_COMMON_BLOCKS = YES;
				GCC_WARN_64_TO_32_BIT_CONVERSION = YES;
				GCC_WARN_ABOUT_RETURN_TYPE = YES_ERROR;
				GCC_WARN_UNDECLARED_SELECTOR = YES;
				GCC_WARN_UNINITIALIZED_AUTOS = YES_AGGRESSIVE;
				GCC_WARN_UNUSED_FUNCTION = YES;
				GCC_WARN_UNUSED_VARIABLE = YES;
				IPHONEOS_DEPLOYMENT_TARGET = 11.4;
				MTL_ENABLE_DEBUG_INFO = NO;
				SDKROOT = iphoneos;
				VALIDATE_PRODUCT = YES;
			};
			name = Release;
		};
		970D8F3721762D21004EDC48 /* Debug */ = {
			isa = XCBuildConfiguration;
			baseConfigurationReference = 26FF9F5EA8006661F3A60772 /* Pods-知乎日报.debug.xcconfig */;
			buildSettings = {
				ASSETCATALOG_COMPILER_APPICON_NAME = AppIcon;
				CODE_SIGN_STYLE = Automatic;
				INFOPLIST_FILE = "知乎日报/Info.plist";
				LD_RUNPATH_SEARCH_PATHS = (
					"$(inherited)",
					"@executable_path/Frameworks",
				);
				PRODUCT_BUNDLE_IDENTIFIER = "-.----";
				PRODUCT_NAME = "$(TARGET_NAME)";
				TARGETED_DEVICE_FAMILY = "1,2";
			};
			name = Debug;
		};
		970D8F3821762D21004EDC48 /* Release */ = {
			isa = XCBuildConfiguration;
			baseConfigurationReference = 47D69932E88C55AE722652CC /* Pods-知乎日报.release.xcconfig */;
			buildSettings = {
				ASSETCATALOG_COMPILER_APPICON_NAME = AppIcon;
				CODE_SIGN_STYLE = Automatic;
				INFOPLIST_FILE = "知乎日报/Info.plist";
				LD_RUNPATH_SEARCH_PATHS = (
					"$(inherited)",
					"@executable_path/Frameworks",
				);
				PRODUCT_BUNDLE_IDENTIFIER = "-.----";
				PRODUCT_NAME = "$(TARGET_NAME)";
				TARGETED_DEVICE_FAMILY = "1,2";
			};
			name = Release;
		};
		970D8F3A21762D21004EDC48 /* Debug */ = {
			isa = XCBuildConfiguration;
			buildSettings = {
				BUNDLE_LOADER = "$(TEST_HOST)";
				CODE_SIGN_STYLE = Automatic;
				INFOPLIST_FILE = "知乎日报Tests/Info.plist";
				LD_RUNPATH_SEARCH_PATHS = (
					"$(inherited)",
					"@executable_path/Frameworks",
					"@loader_path/Frameworks",
				);
				PRODUCT_BUNDLE_IDENTIFIER = "-.----Tests";
				PRODUCT_NAME = "$(TARGET_NAME)";
				TARGETED_DEVICE_FAMILY = "1,2";
				TEST_HOST = "$(BUILT_PRODUCTS_DIR)/知乎日报.app/知乎日报";
			};
			name = Debug;
		};
		970D8F3B21762D21004EDC48 /* Release */ = {
			isa = XCBuildConfiguration;
			buildSettings = {
				BUNDLE_LOADER = "$(TEST_HOST)";
				CODE_SIGN_STYLE = Automatic;
				INFOPLIST_FILE = "知乎日报Tests/Info.plist";
				LD_RUNPATH_SEARCH_PATHS = (
					"$(inherited)",
					"@executable_path/Frameworks",
					"@loader_path/Frameworks",
				);
				PRODUCT_BUNDLE_IDENTIFIER = "-.----Tests";
				PRODUCT_NAME = "$(TARGET_NAME)";
				TARGETED_DEVICE_FAMILY = "1,2";
				TEST_HOST = "$(BUILT_PRODUCTS_DIR)/知乎日报.app/知乎日报";
			};
			name = Release;
		};
		970D8F3D21762D21004EDC48 /* Debug */ = {
			isa = XCBuildConfiguration;
			buildSettings = {
				CODE_SIGN_STYLE = Automatic;
				INFOPLIST_FILE = "知乎日报UITests/Info.plist";
				LD_RUNPATH_SEARCH_PATHS = (
					"$(inherited)",
					"@executable_path/Frameworks",
					"@loader_path/Frameworks",
				);
				PRODUCT_BUNDLE_IDENTIFIER = "-.----UITests";
				PRODUCT_NAME = "$(TARGET_NAME)";
				TARGETED_DEVICE_FAMILY = "1,2";
				TEST_TARGET_NAME = "知乎日报";
			};
			name = Debug;
		};
		970D8F3E21762D21004EDC48 /* Release */ = {
			isa = XCBuildConfiguration;
			buildSettings = {
				CODE_SIGN_STYLE = Automatic;
				INFOPLIST_FILE = "知乎日报UITests/Info.plist";
				LD_RUNPATH_SEARCH_PATHS = (
					"$(inherited)",
					"@executable_path/Frameworks",
					"@loader_path/Frameworks",
				);
				PRODUCT_BUNDLE_IDENTIFIER = "-.----UITests";
				PRODUCT_NAME = "$(TARGET_NAME)";
				TARGETED_DEVICE_FAMILY = "1,2";
				TEST_TARGET_NAME = "知乎日报";
			};
			name = Release;
		};
/* End XCBuildConfiguration section */

/* Begin XCConfigurationList section */
		970D8F0521762D1F004EDC48 /* Build configuration list for PBXProject "知乎日报" */ = {
			isa = XCConfigurationList;
			buildConfigurations = (
				970D8F3421762D21004EDC48 /* Debug */,
				970D8F3521762D21004EDC48 /* Release */,
			);
			defaultConfigurationIsVisible = 0;
			defaultConfigurationName = Release;
		};
		970D8F3621762D21004EDC48 /* Build configuration list for PBXNativeTarget "知乎日报" */ = {
			isa = XCConfigurationList;
			buildConfigurations = (
				970D8F3721762D21004EDC48 /* Debug */,
				970D8F3821762D21004EDC48 /* Release */,
			);
			defaultConfigurationIsVisible = 0;
			defaultConfigurationName = Release;
		};
		970D8F3921762D21004EDC48 /* Build configuration list for PBXNativeTarget "知乎日报Tests" */ = {
			isa = XCConfigurationList;
			buildConfigurations = (
				970D8F3A21762D21004EDC48 /* Debug */,
				970D8F3B21762D21004EDC48 /* Release */,
			);
			defaultConfigurationIsVisible = 0;
			defaultConfigurationName = Release;
		};
		970D8F3C21762D21004EDC48 /* Build configuration list for PBXNativeTarget "知乎日报UITests" */ = {
			isa = XCConfigurationList;
			buildConfigurations = (
				970D8F3D21762D21004EDC48 /* Debug */,
				970D8F3E21762D21004EDC48 /* Release */,
			);
			defaultConfigurationIsVisible = 0;
			defaultConfigurationName = Release;
		};
/* End XCConfigurationList section */
	};
	rootObject = 970D8F0221762D1F004EDC48 /* Project object */;
}
